// !$*UTF8*$!
{
	archiveVersion = 1;
	classes = {
	};
	objectVersion = 56;
	objects = {

/* Begin PBXBuildFile section */
		D527441D2B1455B100AA94C7 /* spotify_to_youtubeApp.swift in Sources */ = {isa = PBXBuildFile; fileRef = D527441C2B1455B100AA94C7 /* spotify_to_youtubeApp.swift */; };
		D527441F2B1455B100AA94C7 /* ContentView.swift in Sources */ = {isa = PBXBuildFile; fileRef = D527441E2B1455B100AA94C7 /* ContentView.swift */; };
		D52744212B1455B200AA94C7 /* Assets.xcassets in Resources */ = {isa = PBXBuildFile; fileRef = D52744202B1455B200AA94C7 /* Assets.xcassets */; };
		D52744242B1455B200AA94C7 /* Preview Assets.xcassets in Resources */ = {isa = PBXBuildFile; fileRef = D52744232B1455B200AA94C7 /* Preview Assets.xcassets */; };
		D52744422B15A62F00AA94C7 /* OAuth2 in Frameworks */ = {isa = PBXBuildFile; productRef = D52744412B15A62F00AA94C7 /* OAuth2 */; };
		D52744452B16DF5200AA94C7 /* OAuthSwift in Frameworks */ = {isa = PBXBuildFile; productRef = D52744442B16DF5200AA94C7 /* OAuthSwift */; };
		D52744482B197F1500AA94C7 /* .gitignore in Resources */ = {isa = PBXBuildFile; fileRef = D52744472B197F1500AA94C7 /* .gitignore */; };
		D527444C2B19861A00AA94C7 /* APIpasswords.swift in Sources */ = {isa = PBXBuildFile; fileRef = D527444B2B19861A00AA94C7 /* APIpasswords.swift */; };
/* End PBXBuildFile section */

/* Begin PBXFileReference section */
		D52744192B1455B100AA94C7 /* spotify_to_youtube.app */ = {isa = PBXFileReference; explicitFileType = wrapper.application; includeInIndex = 0; path = spotify_to_youtube.app; sourceTree = BUILT_PRODUCTS_DIR; };
		D527441C2B1455B100AA94C7 /* spotify_to_youtubeApp.swift */ = {isa = PBXFileReference; lastKnownFileType = sourcecode.swift; path = spotify_to_youtubeApp.swift; sourceTree = "<group>"; };
		D527441E2B1455B100AA94C7 /* ContentView.swift */ = {isa = PBXFileReference; lastKnownFileType = sourcecode.swift; path = ContentView.swift; sourceTree = "<group>"; };
		D52744202B1455B200AA94C7 /* Assets.xcassets */ = {isa = PBXFileReference; lastKnownFileType = folder.assetcatalog; path = Assets.xcassets; sourceTree = "<group>"; };
		D52744232B1455B200AA94C7 /* Preview Assets.xcassets */ = {isa = PBXFileReference; lastKnownFileType = folder.assetcatalog; path = "Preview Assets.xcassets"; sourceTree = "<group>"; };
		D52744462B16E50D00AA94C7 /* spotify-to-youtube-Info.plist */ = {isa = PBXFileReference; lastKnownFileType = text.plist; path = "spotify-to-youtube-Info.plist"; sourceTree = SOURCE_ROOT; };
		D52744472B197F1500AA94C7 /* .gitignore */ = {isa = PBXFileReference; fileEncoding = 4; lastKnownFileType = text; path = .gitignore; sourceTree = SOURCE_ROOT; };
		D527444B2B19861A00AA94C7 /* APIpasswords.swift */ = {isa = PBXFileReference; lastKnownFileType = sourcecode.swift; path = APIpasswords.swift; sourceTree = "<group>"; };
/* End PBXFileReference section */

/* Begin PBXFrameworksBuildPhase section */
		D52744162B1455B100AA94C7 /* Frameworks */ = {
			isa = PBXFrameworksBuildPhase;
			buildActionMask = 2147483647;
			files = (
				D52744452B16DF5200AA94C7 /* OAuthSwift in Frameworks */,
				D52744422B15A62F00AA94C7 /* OAuth2 in Frameworks */,
			);
			runOnlyForDeploymentPostprocessing = 0;
		};
/* End PBXFrameworksBuildPhase section */

/* Begin PBXGroup section */
		D52744102B1455B100AA94C7 = {
			isa = PBXGroup;
			children = (
				D527441B2B1455B100AA94C7 /* spotify_to_youtube */,
				D527441A2B1455B100AA94C7 /* Products */,
			);
			sourceTree = "<group>";
		};
		D527441A2B1455B100AA94C7 /* Products */ = {
			isa = PBXGroup;
			children = (
				D52744192B1455B100AA94C7 /* spotify_to_youtube.app */,
			);
			name = Products;
			sourceTree = "<group>";
		};
		D527441B2B1455B100AA94C7 /* spotify_to_youtube */ = {
			isa = PBXGroup;
			children = (
				D52744462B16E50D00AA94C7 /* spotify-to-youtube-Info.plist */,
				D527441C2B1455B100AA94C7 /* spotify_to_youtubeApp.swift */,
				D527441E2B1455B100AA94C7 /* ContentView.swift */,
				D52744202B1455B200AA94C7 /* Assets.xcassets */,
				D52744472B197F1500AA94C7 /* .gitignore */,
				D52744222B1455B200AA94C7 /* Preview Content */,
				D527444B2B19861A00AA94C7 /* APIpasswords.swift */,
			);
			path = spotify_to_youtube;
			sourceTree = "<group>";
		};
		D52744222B1455B200AA94C7 /* Preview Content */ = {
			isa = PBXGroup;
			children = (
				D52744232B1455B200AA94C7 /* Preview Assets.xcassets */,
			);
			path = "Preview Content";
			sourceTree = "<group>";
		};
/* End PBXGroup section */

/* Begin PBXNativeTarget section */
		D52744182B1455B100AA94C7 /* spotify_to_youtube */ = {
			isa = PBXNativeTarget;
			buildConfigurationList = D52744272B1455B200AA94C7 /* Build configuration list for PBXNativeTarget "spotify_to_youtube" */;
			buildPhases = (
				D52744152B1455B100AA94C7 /* Sources */,
				D52744162B1455B100AA94C7 /* Frameworks */,
				D52744172B1455B100AA94C7 /* Resources */,
			);
			buildRules = (
			);
			dependencies = (
			);
			name = spotify_to_youtube;
			packageProductDependencies = (
				D52744412B15A62F00AA94C7 /* OAuth2 */,
				D52744442B16DF5200AA94C7 /* OAuthSwift */,
			);
			productName = spotify_to_youtube;
			productReference = D52744192B1455B100AA94C7 /* spotify_to_youtube.app */;
			productType = "com.apple.product-type.application";
		};
/* End PBXNativeTarget section */

/* Begin PBXProject section */
		D52744112B1455B100AA94C7 /* Project object */ = {
			isa = PBXProject;
			attributes = {
				BuildIndependentTargetsInParallel = 1;
				LastSwiftUpdateCheck = 1500;
				LastUpgradeCheck = 1500;
				TargetAttributes = {
					D52744182B1455B100AA94C7 = {
						CreatedOnToolsVersion = 15.0.1;
					};
				};
			};
			buildConfigurationList = D52744142B1455B100AA94C7 /* Build configuration list for PBXProject "spotify_to_youtube" */;
			compatibilityVersion = "Xcode 14.0";
			developmentRegion = en;
			hasScannedForEncodings = 0;
			knownRegions = (
				en,
				Base,
			);
			mainGroup = D52744102B1455B100AA94C7;
			packageReferences = (
				D52744352B158ECF00AA94C7 /* XCRemoteSwiftPackageReference "apollo-ios" */,
				D52744402B15A62F00AA94C7 /* XCRemoteSwiftPackageReference "OAuth2" */,
				D52744432B16DF5200AA94C7 /* XCRemoteSwiftPackageReference "OAuthSwift" */,
			);
			productRefGroup = D527441A2B1455B100AA94C7 /* Products */;
			projectDirPath = "";
			projectRoot = "";
			targets = (
				D52744182B1455B100AA94C7 /* spotify_to_youtube */,
			);
		};
/* End PBXProject section */

/* Begin PBXResourcesBuildPhase section */
		D52744172B1455B100AA94C7 /* Resources */ = {
			isa = PBXResourcesBuildPhase;
			buildActionMask = 2147483647;
			files = (
				D52744242B1455B200AA94C7 /* Preview Assets.xcassets in Resources */,
				D52744482B197F1500AA94C7 /* .gitignore in Resources */,
				D52744212B1455B200AA94C7 /* Assets.xcassets in Resources */,
			);
			runOnlyForDeploymentPostprocessing = 0;
		};
/* End PBXResourcesBuildPhase section */

/* Begin PBXSourcesBuildPhase section */
		D52744152B1455B100AA94C7 /* Sources */ = {
			isa = PBXSourcesBuildPhase;
			buildActionMask = 2147483647;
			files = (
				D527441F2B1455B100AA94C7 /* ContentView.swift in Sources */,
				D527441D2B1455B100AA94C7 /* spotify_to_youtubeApp.swift in Sources */,
				D527444C2B19861A00AA94C7 /* APIpasswords.swift in Sources */,
			);
			runOnlyForDeploymentPostprocessing = 0;
		};
/* End PBXSourcesBuildPhase section */

/* Begin XCBuildConfiguration section */
		D52744252B1455B200AA94C7 /* Debug */ = {
			isa = XCBuildConfiguration;
			buildSettings = {
				ALWAYS_SEARCH_USER_PATHS = NO;
				ASSETCATALOG_COMPILER_GENERATE_SWIFT_ASSET_SYMBOL_EXTENSIONS = YES;
				CLANG_ANALYZER_NONNULL = YES;
				CLANG_ANALYZER_NUMBER_OBJECT_CONVERSION = YES_AGGRESSIVE;
				CLANG_CXX_LANGUAGE_STANDARD = "gnu++20";
				CLANG_ENABLE_MODULES = YES;
				CLANG_ENABLE_OBJC_ARC = YES;
				CLANG_ENABLE_OBJC_WEAK = YES;
				CLANG_WARN_BLOCK_CAPTURE_AUTORELEASING = YES;
				CLANG_WARN_BOOL_CONVERSION = YES;
				CLANG_WARN_COMMA = YES;
				CLANG_WARN_CONSTANT_CONVERSION = YES;
				CLANG_WARN_DEPRECATED_OBJC_IMPLEMENTATIONS = YES;
				CLANG_WARN_DIRECT_OBJC_ISA_USAGE = YES_ERROR;
				CLANG_WARN_DOCUMENTATION_COMMENTS = YES;
				CLANG_WARN_EMPTY_BODY = YES;
				CLANG_WARN_ENUM_CONVERSION = YES;
				CLANG_WARN_INFINITE_RECURSION = YES;
				CLANG_WARN_INT_CONVERSION = YES;
				CLANG_WARN_NON_LITERAL_NULL_CONVERSION = YES;
				CLANG_WARN_OBJC_IMPLICIT_RETAIN_SELF = YES;
				CLANG_WARN_OBJC_LITERAL_CONVERSION = YES;
				CLANG_WARN_OBJC_ROOT_CLASS = YES_ERROR;
				CLANG_WARN_QUOTED_INCLUDE_IN_FRAMEWORK_HEADER = YES;
				CLANG_WARN_RANGE_LOOP_ANALYSIS = YES;
				CLANG_WARN_STRICT_PROTOTYPES = YES;
				CLANG_WARN_SUSPICIOUS_MOVE = YES;
				CLANG_WARN_UNGUARDED_AVAILABILITY = YES_AGGRESSIVE;
				CLANG_WARN_UNREACHABLE_CODE = YES;
				CLANG_WARN__DUPLICATE_METHOD_MATCH = YES;
				COPY_PHASE_STRIP = NO;
				DEBUG_INFORMATION_FORMAT = dwarf;
				ENABLE_STRICT_OBJC_MSGSEND = YES;
				ENABLE_TESTABILITY = YES;
				ENABLE_USER_SCRIPT_SANDBOXING = YES;
				GCC_C_LANGUAGE_STANDARD = gnu17;
				GCC_DYNAMIC_NO_PIC = NO;
				GCC_NO_COMMON_BLOCKS = YES;
				GCC_OPTIMIZATION_LEVEL = 0;
				GCC_PREPROCESSOR_DEFINITIONS = (
					"DEBUG=1",
					"$(inherited)",
				);
				GCC_WARN_64_TO_32_BIT_CONVERSION = YES;
				GCC_WARN_ABOUT_RETURN_TYPE = YES_ERROR;
				GCC_WARN_UNDECLARED_SELECTOR = YES;
				GCC_WARN_UNINITIALIZED_AUTOS = YES_AGGRESSIVE;
				GCC_WARN_UNUSED_FUNCTION = YES;
				GCC_WARN_UNUSED_VARIABLE = YES;
				IPHONEOS_DEPLOYMENT_TARGET = 17.0;
				LOCALIZATION_PREFERS_STRING_CATALOGS = YES;
				MTL_ENABLE_DEBUG_INFO = INCLUDE_SOURCE;
				MTL_FAST_MATH = YES;
				ONLY_ACTIVE_ARCH = YES;
				SDKROOT = iphoneos;
				SWIFT_ACTIVE_COMPILATION_CONDITIONS = "DEBUG $(inherited)";
				SWIFT_OPTIMIZATION_LEVEL = "-Onone";
			};
			name = Debug;
		};
		D52744262B1455B200AA94C7 /* Release */ = {
			isa = XCBuildConfiguration;
			buildSettings = {
				ALWAYS_SEARCH_USER_PATHS = NO;
				ASSETCATALOG_COMPILER_GENERATE_SWIFT_ASSET_SYMBOL_EXTENSIONS = YES;
				CLANG_ANALYZER_NONNULL = YES;
				CLANG_ANALYZER_NUMBER_OBJECT_CONVERSION = YES_AGGRESSIVE;
				CLANG_CXX_LANGUAGE_STANDARD = "gnu++20";
				CLANG_ENABLE_MODULES = YES;
				CLANG_ENABLE_OBJC_ARC = YES;
				CLANG_ENABLE_OBJC_WEAK = YES;
				CLANG_WARN_BLOCK_CAPTURE_AUTORELEASING = YES;
				CLANG_WARN_BOOL_CONVERSION = YES;
				CLANG_WARN_COMMA = YES;
				CLANG_WARN_CONSTANT_CONVERSION = YES;
				CLANG_WARN_DEPRECATED_OBJC_IMPLEMENTATIONS = YES;
				CLANG_WARN_DIRECT_OBJC_ISA_USAGE = YES_ERROR;
				CLANG_WARN_DOCUMENTATION_COMMENTS = YES;
				CLANG_WARN_EMPTY_BODY = YES;
				CLANG_WARN_ENUM_CONVERSION = YES;
				CLANG_WARN_INFINITE_RECURSION = YES;
				CLANG_WARN_INT_CONVERSION = YES;
				CLANG_WARN_NON_LITERAL_NULL_CONVERSION = YES;
				CLANG_WARN_OBJC_IMPLICIT_RETAIN_SELF = YES;
				CLANG_WARN_OBJC_LITERAL_CONVERSION = YES;
				CLANG_WARN_OBJC_ROOT_CLASS = YES_ERROR;
				CLANG_WARN_QUOTED_INCLUDE_IN_FRAMEWORK_HEADER = YES;
				CLANG_WARN_RANGE_LOOP_ANALYSIS = YES;
				CLANG_WARN_STRICT_PROTOTYPES = YES;
				CLANG_WARN_SUSPICIOUS_MOVE = YES;
				CLANG_WARN_UNGUARDED_AVAILABILITY = YES_AGGRESSIVE;
				CLANG_WARN_UNREACHABLE_CODE = YES;
				CLANG_WARN__DUPLICATE_METHOD_MATCH = YES;
				COPY_PHASE_STRIP = NO;
				DEBUG_INFORMATION_FORMAT = "dwarf-with-dsym";
				ENABLE_NS_ASSERTIONS = NO;
				ENABLE_STRICT_OBJC_MSGSEND = YES;
				ENABLE_USER_SCRIPT_SANDBOXING = YES;
				GCC_C_LANGUAGE_STANDARD = gnu17;
				GCC_NO_COMMON_BLOCKS = YES;
				GCC_WARN_64_TO_32_BIT_CONVERSION = YES;
				GCC_WARN_ABOUT_RETURN_TYPE = YES_ERROR;
				GCC_WARN_UNDECLARED_SELECTOR = YES;
				GCC_WARN_UNINITIALIZED_AUTOS = YES_AGGRESSIVE;
				GCC_WARN_UNUSED_FUNCTION = YES;
				GCC_WARN_UNUSED_VARIABLE = YES;
				IPHONEOS_DEPLOYMENT_TARGET = 17.0;
				LOCALIZATION_PREFERS_STRING_CATALOGS = YES;
				MTL_ENABLE_DEBUG_INFO = NO;
				MTL_FAST_MATH = YES;
				SDKROOT = iphoneos;
				SWIFT_COMPILATION_MODE = wholemodule;
				VALIDATE_PRODUCT = YES;
			};
			name = Release;
		};
		D52744282B1455B200AA94C7 /* Debug */ = {
			isa = XCBuildConfiguration;
			buildSettings = {
				ASSETCATALOG_COMPILER_APPICON_NAME = AppIcon;
				ASSETCATALOG_COMPILER_GLOBAL_ACCENT_COLOR_NAME = AccentColor;
				CODE_SIGN_STYLE = Automatic;
				CURRENT_PROJECT_VERSION = 1;
				DEVELOPMENT_ASSET_PATHS = "\"spotify_to_youtube/Preview Content\"";
				DEVELOPMENT_TEAM = R6TDT8283R;
				ENABLE_PREVIEWS = YES;
				FRAMEWORK_SEARCH_PATHS = (
					"$(inherited)",
					"$(PROJECT_DIR)/spotify_to_youtube/Preview\\ Content",
					"$(PROJECT_DIR)/spotify_to_youtube/Frameworks",
				);
				GENERATE_INFOPLIST_FILE = YES;
				INFOPLIST_FILE = "spotify-to-youtube-Info.plist";
				INFOPLIST_KEY_UIApplicationSceneManifest_Generation = YES;
				INFOPLIST_KEY_UIApplicationSupportsIndirectInputEvents = YES;
				INFOPLIST_KEY_UILaunchScreen_Generation = YES;
				INFOPLIST_KEY_UISupportedInterfaceOrientations_iPad = "UIInterfaceOrientationPortrait UIInterfaceOrientationPortraitUpsideDown UIInterfaceOrientationLandscapeLeft UIInterfaceOrientationLandscapeRight";
				INFOPLIST_KEY_UISupportedInterfaceOrientations_iPhone = "UIInterfaceOrientationPortrait UIInterfaceOrientationLandscapeLeft UIInterfaceOrientationLandscapeRight";
				LD_RUNPATH_SEARCH_PATHS = (
					"$(inherited)",
					"@executable_path/Frameworks",
				);
				MARKETING_VERSION = 1.0;
				PRODUCT_BUNDLE_IDENTIFIER = "com.douglasshirilla.spotify-to-youtube";
				PRODUCT_NAME = "$(TARGET_NAME)";
				SWIFT_EMIT_LOC_STRINGS = YES;
				SWIFT_VERSION = 5.0;
				TARGETED_DEVICE_FAMILY = "1,2";
			};
			name = Debug;
		};
		D52744292B1455B200AA94C7 /* Release */ = {
			isa = XCBuildConfiguration;
			buildSettings = {
				ASSETCATALOG_COMPILER_APPICON_NAME = AppIcon;
				ASSETCATALOG_COMPILER_GLOBAL_ACCENT_COLOR_NAME = AccentColor;
				CODE_SIGN_STYLE = Automatic;
				CURRENT_PROJECT_VERSION = 1;
				DEVELOPMENT_ASSET_PATHS = "\"spotify_to_youtube/Preview Content\"";
				DEVELOPMENT_TEAM = R6TDT8283R;
				ENABLE_PREVIEWS = YES;
				FRAMEWORK_SEARCH_PATHS = (
					"$(inherited)",
					"$(PROJECT_DIR)/spotify_to_youtube/Preview\\ Content",
					"$(PROJECT_DIR)/spotify_to_youtube/Frameworks",
				);
				GENERATE_INFOPLIST_FILE = YES;
				INFOPLIST_FILE = "spotify-to-youtube-Info.plist";
				INFOPLIST_KEY_UIApplicationSceneManifest_Generation = YES;
				INFOPLIST_KEY_UIApplicationSupportsIndirectInputEvents = YES;
				INFOPLIST_KEY_UILaunchScreen_Generation = YES;
				INFOPLIST_KEY_UISupportedInterfaceOrientations_iPad = "UIInterfaceOrientationPortrait UIInterfaceOrientationPortraitUpsideDown UIInterfaceOrientationLandscapeLeft UIInterfaceOrientationLandscapeRight";
				INFOPLIST_KEY_UISupportedInterfaceOrientations_iPhone = "UIInterfaceOrientationPortrait UIInterfaceOrientationLandscapeLeft UIInterfaceOrientationLandscapeRight";
				LD_RUNPATH_SEARCH_PATHS = (
					"$(inherited)",
					"@executable_path/Frameworks",
				);
				MARKETING_VERSION = 1.0;
				PRODUCT_BUNDLE_IDENTIFIER = "com.douglasshirilla.spotify-to-youtube";
				PRODUCT_NAME = "$(TARGET_NAME)";
				SWIFT_EMIT_LOC_STRINGS = YES;
				SWIFT_VERSION = 5.0;
				TARGETED_DEVICE_FAMILY = "1,2";
			};
			name = Release;
		};
/* End XCBuildConfiguration section */

/* Begin XCConfigurationList section */
		D52744142B1455B100AA94C7 /* Build configuration list for PBXProject "spotify_to_youtube" */ = {
			isa = XCConfigurationList;
			buildConfigurations = (
				D52744252B1455B200AA94C7 /* Debug */,
				D52744262B1455B200AA94C7 /* Release */,
			);
			defaultConfigurationIsVisible = 0;
			defaultConfigurationName = Release;
		};
		D52744272B1455B200AA94C7 /* Build configuration list for PBXNativeTarget "spotify_to_youtube" */ = {
			isa = XCConfigurationList;
			buildConfigurations = (
				D52744282B1455B200AA94C7 /* Debug */,
				D52744292B1455B200AA94C7 /* Release */,
			);
			defaultConfigurationIsVisible = 0;
			defaultConfigurationName = Release;
		};
/* End XCConfigurationList section */

/* Begin XCRemoteSwiftPackageReference section */
		D52744352B158ECF00AA94C7 /* XCRemoteSwiftPackageReference "apollo-ios" */ = {
			isa = XCRemoteSwiftPackageReference;
			repositoryURL = "https://github.com/apollographql/apollo-ios";
			requirement = {
				kind = upToNextMajorVersion;
				minimumVersion = 1.7.1;
			};
		};
		D52744402B15A62F00AA94C7 /* XCRemoteSwiftPackageReference "OAuth2" */ = {
			isa = XCRemoteSwiftPackageReference;
			repositoryURL = "https://github.com/p2/OAuth2.git";
			requirement = {
				kind = upToNextMajorVersion;
				minimumVersion = 5.3.2;
			};
		};
		D52744432B16DF5200AA94C7 /* XCRemoteSwiftPackageReference "OAuthSwift" */ = {
			isa = XCRemoteSwiftPackageReference;
			repositoryURL = "https://github.com/OAuthSwift/OAuthSwift.git";
			requirement = {
				kind = upToNextMajorVersion;
				minimumVersion = 2.2.0;
			};
		};
/* End XCRemoteSwiftPackageReference section */

/* Begin XCSwiftPackageProductDependency section */
		D52744412B15A62F00AA94C7 /* OAuth2 */ = {
			isa = XCSwiftPackageProductDependency;
			package = D52744402B15A62F00AA94C7 /* XCRemoteSwiftPackageReference "OAuth2" */;
			productName = OAuth2;
		};
		D52744442B16DF5200AA94C7 /* OAuthSwift */ = {
			isa = XCSwiftPackageProductDependency;
			package = D52744432B16DF5200AA94C7 /* XCRemoteSwiftPackageReference "OAuthSwift" */;
			productName = OAuthSwift;
		};
/* End XCSwiftPackageProductDependency section */
	};
	rootObject = D52744112B1455B100AA94C7 /* Project object */;
}
